// !$*UTF8*$!
{
	archiveVersion = 1;
	classes = {
	};
	objectVersion = 56;
	objects = {

/* Begin PBXBuildFile section */
		B01CAB9528E3437400C53329 /* MacOSSampleApp.swift in Sources */ = {isa = PBXBuildFile; fileRef = B01CAB9428E3437400C53329 /* MacOSSampleApp.swift */; };
		B01CAB9728E3437400C53329 /* ContentView.swift in Sources */ = {isa = PBXBuildFile; fileRef = B01CAB9628E3437400C53329 /* ContentView.swift */; };
		B01CAB9928E3437500C53329 /* Assets.xcassets in Resources */ = {isa = PBXBuildFile; fileRef = B01CAB9828E3437500C53329 /* Assets.xcassets */; };
		B01CAB9C28E3437500C53329 /* Preview Assets.xcassets in Resources */ = {isa = PBXBuildFile; fileRef = B01CAB9B28E3437500C53329 /* Preview Assets.xcassets */; };
		B01CABA728E3441400C53329 /* KVFileKit in Frameworks */ = {isa = PBXBuildFile; productRef = B01CABA628E3441400C53329 /* KVFileKit */; };
/* End PBXBuildFile section */

/* Begin PBXFileReference section */
		B01CAB9128E3437400C53329 /* MacOSSample.app */ = {isa = PBXFileReference; explicitFileType = wrapper.application; includeInIndex = 0; path = MacOSSample.app; sourceTree = BUILT_PRODUCTS_DIR; };
		B01CAB9428E3437400C53329 /* MacOSSampleApp.swift */ = {isa = PBXFileReference; lastKnownFileType = sourcecode.swift; path = MacOSSampleApp.swift; sourceTree = "<group>"; };
		B01CAB9628E3437400C53329 /* ContentView.swift */ = {isa = PBXFileReference; lastKnownFileType = sourcecode.swift; path = ContentView.swift; sourceTree = "<group>"; };
		B01CAB9828E3437500C53329 /* Assets.xcassets */ = {isa = PBXFileReference; lastKnownFileType = folder.assetcatalog; path = Assets.xcassets; sourceTree = "<group>"; };
		B01CAB9B28E3437500C53329 /* Preview Assets.xcassets */ = {isa = PBXFileReference; lastKnownFileType = folder.assetcatalog; path = "Preview Assets.xcassets"; sourceTree = "<group>"; };
		B01CAB9D28E3437500C53329 /* MacOSSample.entitlements */ = {isa = PBXFileReference; lastKnownFileType = text.plist.entitlements; path = MacOSSample.entitlements; sourceTree = "<group>"; };
		B01CABA428E343B700C53329 /* KVFileKit */ = {isa = PBXFileReference; lastKnownFileType = wrapper; name = KVFileKit; path = ../..; sourceTree = "<group>"; };
/* End PBXFileReference section */

/* Begin PBXFrameworksBuildPhase section */
		B01CAB8E28E3437400C53329 /* Frameworks */ = {
			isa = PBXFrameworksBuildPhase;
			buildActionMask = 2147483647;
			files = (
				B01CABA728E3441400C53329 /* KVFileKit in Frameworks */,
			);
			runOnlyForDeploymentPostprocessing = 0;
		};
/* End PBXFrameworksBuildPhase section */

/* Begin PBXGroup section */
		B01CAB8828E3437400C53329 = {
			isa = PBXGroup;
			children = (
				B01CABA328E343B700C53329 /* Packages */,
				B01CAB9328E3437400C53329 /* MacOSSample */,
				B01CAB9228E3437400C53329 /* Products */,
				B01CABA528E3441400C53329 /* Frameworks */,
			);
			sourceTree = "<group>";
		};
		B01CAB9228E3437400C53329 /* Products */ = {
			isa = PBXGroup;
			children = (
				B01CAB9128E3437400C53329 /* MacOSSample.app */,
			);
			name = Products;
			sourceTree = "<group>";
		};
		B01CAB9328E3437400C53329 /* MacOSSample */ = {
			isa = PBXGroup;
			children = (
				B01CAB9428E3437400C53329 /* MacOSSampleApp.swift */,
				B01CAB9628E3437400C53329 /* ContentView.swift */,
				B01CAB9828E3437500C53329 /* Assets.xcassets */,
				B01CAB9D28E3437500C53329 /* MacOSSample.entitlements */,
				B01CAB9A28E3437500C53329 /* Preview Content */,
			);
			path = MacOSSample;
			sourceTree = "<group>";
		};
		B01CAB9A28E3437500C53329 /* Preview Content */ = {
			isa = PBXGroup;
			children = (
				B01CAB9B28E3437500C53329 /* Preview Assets.xcassets */,
			);
			path = "Preview Content";
			sourceTree = "<group>";
		};
		B01CABA328E343B700C53329 /* Packages */ = {
			isa = PBXGroup;
			children = (
				B01CABA428E343B700C53329 /* KVFileKit */,
			);
			name = Packages;
			sourceTree = "<group>";
		};
		B01CABA528E3441400C53329 /* Frameworks */ = {
			isa = PBXGroup;
			children = (
			);
			name = Frameworks;
			sourceTree = "<group>";
		};
/* End PBXGroup section */

/* Begin PBXNativeTarget section */
		B01CAB9028E3437400C53329 /* MacOSSample */ = {
			isa = PBXNativeTarget;
			buildConfigurationList = B01CABA028E3437500C53329 /* Build configuration list for PBXNativeTarget "MacOSSample" */;
			buildPhases = (
				B01CAB8D28E3437400C53329 /* Sources */,
				B01CAB8E28E3437400C53329 /* Frameworks */,
				B01CAB8F28E3437400C53329 /* Resources */,
			);
			buildRules = (
			);
			dependencies = (
			);
			name = MacOSSample;
			packageProductDependencies = (
				B01CABA628E3441400C53329 /* KVFileKit */,
			);
			productName = MacOSSample;
			productReference = B01CAB9128E3437400C53329 /* MacOSSample.app */;
			productType = "com.apple.product-type.application";
		};
/* End PBXNativeTarget section */

/* Begin PBXProject section */
		B01CAB8928E3437400C53329 /* Project object */ = {
			isa = PBXProject;
			attributes = {
				BuildIndependentTargetsInParallel = 1;
				LastSwiftUpdateCheck = 1400;
				LastUpgradeCheck = 1400;
				TargetAttributes = {
					B01CAB9028E3437400C53329 = {
						CreatedOnToolsVersion = 14.0;
					};
				};
			};
			buildConfigurationList = B01CAB8C28E3437400C53329 /* Build configuration list for PBXProject "MacOSSample" */;
			compatibilityVersion = "Xcode 14.0";
			developmentRegion = en;
			hasScannedForEncodings = 0;
			knownRegions = (
				en,
				Base,
			);
			mainGroup = B01CAB8828E3437400C53329;
			productRefGroup = B01CAB9228E3437400C53329 /* Products */;
			projectDirPath = "";
			projectRoot = "";
			targets = (
				B01CAB9028E3437400C53329 /* MacOSSample */,
			);
		};
/* End PBXProject section */

/* Begin PBXResourcesBuildPhase section */
		B01CAB8F28E3437400C53329 /* Resources */ = {
			isa = PBXResourcesBuildPhase;
			buildActionMask = 2147483647;
			files = (
				B01CAB9C28E3437500C53329 /* Preview Assets.xcassets in Resources */,
				B01CAB9928E3437500C53329 /* Assets.xcassets in Resources */,
			);
			runOnlyForDeploymentPostprocessing = 0;
		};
/* End PBXResourcesBuildPhase section */

/* Begin PBXSourcesBuildPhase section */
		B01CAB8D28E3437400C53329 /* Sources */ = {
			isa = PBXSourcesBuildPhase;
			buildActionMask = 2147483647;
			files = (
				B01CAB9728E3437400C53329 /* ContentView.swift in Sources */,
				B01CAB9528E3437400C53329 /* MacOSSampleApp.swift in Sources */,
			);
			runOnlyForDeploymentPostprocessing = 0;
		};
/* End PBXSourcesBuildPhase section */

/* Begin XCBuildConfiguration section */
		B01CAB9E28E3437500C53329 /* Debug */ = {
			isa = XCBuildConfiguration;
			buildSettings = {
				ALWAYS_SEARCH_USER_PATHS = NO;
				CLANG_ANALYZER_NONNULL = YES;
				CLANG_ANALYZER_NUMBER_OBJECT_CONVERSION = YES_AGGRESSIVE;
				CLANG_CXX_LANGUAGE_STANDARD = "gnu++20";
				CLANG_ENABLE_MODULES = YES;
				CLANG_ENABLE_OBJC_ARC = YES;
				CLANG_ENABLE_OBJC_WEAK = YES;
				CLANG_WARN_BLOCK_CAPTURE_AUTORELEASING = YES;
				CLANG_WARN_BOOL_CONVERSION = YES;
				CLANG_WARN_COMMA = YES;
				CLANG_WARN_CONSTANT_CONVERSION = YES;
				CLANG_WARN_DEPRECATED_OBJC_IMPLEMENTATIONS = YES;
				CLANG_WARN_DIRECT_OBJC_ISA_USAGE = YES_ERROR;
				CLANG_WARN_DOCUMENTATION_COMMENTS = YES;
				CLANG_WARN_EMPTY_BODY = YES;
				CLANG_WARN_ENUM_CONVERSION = YES;
				CLANG_WARN_INFINITE_RECURSION = YES;
				CLANG_WARN_INT_CONVERSION = YES;
				CLANG_WARN_NON_LITERAL_NULL_CONVERSION = YES;
				CLANG_WARN_OBJC_IMPLICIT_RETAIN_SELF = YES;
				CLANG_WARN_OBJC_LITERAL_CONVERSION = YES;
				CLANG_WARN_OBJC_ROOT_CLASS = YES_ERROR;
				CLANG_WARN_QUOTED_INCLUDE_IN_FRAMEWORK_HEADER = YES;
				CLANG_WARN_RANGE_LOOP_ANALYSIS = YES;
				CLANG_WARN_STRICT_PROTOTYPES = YES;
				CLANG_WARN_SUSPICIOUS_MOVE = YES;
				CLANG_WARN_UNGUARDED_AVAILABILITY = YES_AGGRESSIVE;
				CLANG_WARN_UNREACHABLE_CODE = YES;
				CLANG_WARN__DUPLICATE_METHOD_MATCH = YES;
				COPY_PHASE_STRIP = NO;
				DEBUG_INFORMATION_FORMAT = dwarf;
				ENABLE_STRICT_OBJC_MSGSEND = YES;
				ENABLE_TESTABILITY = YES;
				GCC_C_LANGUAGE_STANDARD = gnu11;
				GCC_DYNAMIC_NO_PIC = NO;
				GCC_NO_COMMON_BLOCKS = YES;
				GCC_OPTIMIZATION_LEVEL = 0;
				GCC_PREPROCESSOR_DEFINITIONS = (
					"DEBUG=1",
					"$(inherited)",
				);
				GCC_WARN_64_TO_32_BIT_CONVERSION = YES;
				GCC_WARN_ABOUT_RETURN_TYPE = YES_ERROR;
				GCC_WARN_UNDECLARED_SELECTOR = YES;
				GCC_WARN_UNINITIALIZED_AUTOS = YES_AGGRESSIVE;
				GCC_WARN_UNUSED_FUNCTION = YES;
				GCC_WARN_UNUSED_VARIABLE = YES;
				MACOSX_DEPLOYMENT_TARGET = 12.3;
				MTL_ENABLE_DEBUG_INFO = INCLUDE_SOURCE;
				MTL_FAST_MATH = YES;
				ONLY_ACTIVE_ARCH = YES;
				SDKROOT = macosx;
				SWIFT_ACTIVE_COMPILATION_CONDITIONS = DEBUG;
				SWIFT_OPTIMIZATION_LEVEL = "-Onone";
			};
			name = Debug;
		};
		B01CAB9F28E3437500C53329 /* Release */ = {
			isa = XCBuildConfiguration;
			buildSettings = {
				ALWAYS_SEARCH_USER_PATHS = NO;
				CLANG_ANALYZER_NONNULL = YES;
				CLANG_ANALYZER_NUMBER_OBJECT_CONVERSION = YES_AGGRESSIVE;
				CLANG_CXX_LANGUAGE_STANDARD = "gnu++20";
				CLANG_ENABLE_MODULES = YES;
				CLANG_ENABLE_OBJC_ARC = YES;
				CLANG_ENABLE_OBJC_WEAK = YES;
				CLANG_WARN_BLOCK_CAPTURE_AUTORELEASING = YES;
				CLANG_WARN_BOOL_CONVERSION = YES;
				CLANG_WARN_COMMA = YES;
				CLANG_WARN_CONSTANT_CONVERSION = YES;
				CLANG_WARN_DEPRECATED_OBJC_IMPLEMENTATIONS = YES;
				CLANG_WARN_DIRECT_OBJC_ISA_USAGE = YES_ERROR;
				CLANG_WARN_DOCUMENTATION_COMMENTS = YES;
				CLANG_WARN_EMPTY_BODY = YES;
				CLANG_WARN_ENUM_CONVERSION = YES;
				CLANG_WARN_INFINITE_RECURSION = YES;
				CLANG_WARN_INT_CONVERSION = YES;
				CLANG_WARN_NON_LITERAL_NULL_CONVERSION = YES;
				CLANG_WARN_OBJC_IMPLICIT_RETAIN_SELF = YES;
				CLANG_WARN_OBJC_LITERAL_CONVERSION = YES;
				CLANG_WARN_OBJC_ROOT_CLASS = YES_ERROR;
				CLANG_WARN_QUOTED_INCLUDE_IN_FRAMEWORK_HEADER = YES;
				CLANG_WARN_RANGE_LOOP_ANALYSIS = YES;
				CLANG_WARN_STRICT_PROTOTYPES = YES;
				CLANG_WARN_SUSPICIOUS_MOVE = YES;
				CLANG_WARN_UNGUARDED_AVAILABILITY = YES_AGGRESSIVE;
				CLANG_WARN_UNREACHABLE_CODE = YES;
				CLANG_WARN__DUPLICATE_METHOD_MATCH = YES;
				COPY_PHASE_STRIP = NO;
				DEBUG_INFORMATION_FORMAT = "dwarf-with-dsym";
				ENABLE_NS_ASSERTIONS = NO;
				ENABLE_STRICT_OBJC_MSGSEND = YES;
				GCC_C_LANGUAGE_STANDARD = gnu11;
				GCC_NO_COMMON_BLOCKS = YES;
				GCC_WARN_64_TO_32_BIT_CONVERSION = YES;
				GCC_WARN_ABOUT_RETURN_TYPE = YES_ERROR;
				GCC_WARN_UNDECLARED_SELECTOR = YES;
				GCC_WARN_UNINITIALIZED_AUTOS = YES_AGGRESSIVE;
				GCC_WARN_UNUSED_FUNCTION = YES;
				GCC_WARN_UNUSED_VARIABLE = YES;
				MACOSX_DEPLOYMENT_TARGET = 12.3;
				MTL_ENABLE_DEBUG_INFO = NO;
				MTL_FAST_MATH = YES;
				SDKROOT = macosx;
				SWIFT_COMPILATION_MODE = wholemodule;
				SWIFT_OPTIMIZATION_LEVEL = "-O";
			};
			name = Release;
		};
		B01CABA128E3437500C53329 /* Debug */ = {
			isa = XCBuildConfiguration;
			buildSettings = {
				ASSETCATALOG_COMPILER_APPICON_NAME = AppIcon;
				ASSETCATALOG_COMPILER_GLOBAL_ACCENT_COLOR_NAME = AccentColor;
				CODE_SIGN_ENTITLEMENTS = MacOSSample/MacOSSample.entitlements;
				CODE_SIGN_STYLE = Automatic;
				COMBINE_HIDPI_IMAGES = YES;
				CURRENT_PROJECT_VERSION = 1;
				DEVELOPMENT_ASSET_PATHS = "\"MacOSSample/Preview Content\"";
				DEVELOPMENT_TEAM = DU7Y9KWQXQ;
				ENABLE_HARDENED_RUNTIME = YES;
				ENABLE_PREVIEWS = YES;
				GENERATE_INFOPLIST_FILE = YES;
				INFOPLIST_KEY_NSHumanReadableCopyright = "";
				LD_RUNPATH_SEARCH_PATHS = (
					"$(inherited)",
					"@executable_path/../Frameworks",
				);
				MARKETING_VERSION = 1.0;
				PRODUCT_BUNDLE_IDENTIFIER = com.kevinsibue.MacOSSample;
				PRODUCT_NAME = "$(TARGET_NAME)";
				SWIFT_EMIT_LOC_STRINGS = YES;
				SWIFT_VERSION = 5.0;
			};
			name = Debug;
		};
		B01CABA228E3437500C53329 /* Release */ = {
			isa = XCBuildConfiguration;
			buildSettings = {
				ASSETCATALOG_COMPILER_APPICON_NAME = AppIcon;
				ASSETCATALOG_COMPILER_GLOBAL_ACCENT_COLOR_NAME = AccentColor;
				CODE_SIGN_ENTITLEMENTS = MacOSSample/MacOSSample.entitlements;
				CODE_SIGN_STYLE = Automatic;
				COMBINE_HIDPI_IMAGES = YES;
				CURRENT_PROJECT_VERSION = 1;
				DEVELOPMENT_ASSET_PATHS = "\"MacOSSample/Preview Content\"";
				DEVELOPMENT_TEAM = DU7Y9KWQXQ;
				ENABLE_HARDENED_RUNTIME = YES;
				ENABLE_PREVIEWS = YES;
				GENERATE_INFOPLIST_FILE = YES;
				INFOPLIST_KEY_NSHumanReadableCopyright = "";
				LD_RUNPATH_SEARCH_PATHS = (
					"$(inherited)",
					"@executable_path/../Frameworks",
				);
				MARKETING_VERSION = 1.0;
				PRODUCT_BUNDLE_IDENTIFIER = com.kevinsibue.MacOSSample;
				PRODUCT_NAME = "$(TARGET_NAME)";
				SWIFT_EMIT_LOC_STRINGS = YES;
				SWIFT_VERSION = 5.0;
			};
			name = Release;
		};
/* End XCBuildConfiguration section */

/* Begin XCConfigurationList section */
		B01CAB8C28E3437400C53329 /* Build configuration list for PBXProject "MacOSSample" */ = {
			isa = XCConfigurationList;
			buildConfigurations = (
				B01CAB9E28E3437500C53329 /* Debug */,
				B01CAB9F28E3437500C53329 /* Release */,
			);
			defaultConfigurationIsVisible = 0;
			defaultConfigurationName = Release;
		};
		B01CABA028E3437500C53329 /* Build configuration list for PBXNativeTarget "MacOSSample" */ = {
			isa = XCConfigurationList;
			buildConfigurations = (
				B01CABA128E3437500C53329 /* Debug */,
				B01CABA228E3437500C53329 /* Release */,
			);
			defaultConfigurationIsVisible = 0;
			defaultConfigurationName = Release;
		};
/* End XCConfigurationList section */

/* Begin XCSwiftPackageProductDependency section */
		B01CABA628E3441400C53329 /* KVFileKit */ = {
			isa = XCSwiftPackageProductDependency;
			productName = KVFileKit;
		};
/* End XCSwiftPackageProductDependency section */
	};
	rootObject = B01CAB8928E3437400C53329 /* Project object */;
}
